// !$*UTF8*$!
{
	archiveVersion = 1;
	classes = {
	};
	objectVersion = 46;
	objects = {

/* Begin PBXBuildFile section */
		C746D8871CFAE5E400F6323E /* AppDelegate.swift in Sources */ = {isa = PBXBuildFile; fileRef = C746D8861CFAE5E400F6323E /* AppDelegate.swift */; };
		C746D88C1CFAE5E500F6323E /* Main.storyboard in Resources */ = {isa = PBXBuildFile; fileRef = C746D88A1CFAE5E500F6323E /* Main.storyboard */; };
		C746D88E1CFAE5E500F6323E /* Assets.xcassets in Resources */ = {isa = PBXBuildFile; fileRef = C746D88D1CFAE5E500F6323E /* Assets.xcassets */; };
		C746D8911CFAE5E500F6323E /* LaunchScreen.storyboard in Resources */ = {isa = PBXBuildFile; fileRef = C746D88F1CFAE5E500F6323E /* LaunchScreen.storyboard */; };
		C746D8991CFAE67E00F6323E /* ItemTableViewCell.swift in Sources */ = {isa = PBXBuildFile; fileRef = C746D8981CFAE67E00F6323E /* ItemTableViewCell.swift */; };
		C746D89B1CFAEB0500F6323E /* ItemTableViewController.swift in Sources */ = {isa = PBXBuildFile; fileRef = C746D89A1CFAEB0500F6323E /* ItemTableViewController.swift */; };
		C746D89F1CFAFC0800F6323E /* JsonConnector.swift in Sources */ = {isa = PBXBuildFile; fileRef = C746D89E1CFAFC0800F6323E /* JsonConnector.swift */; };
		C76682901D0362640067B5BA /* ItemAddTableViewCell.swift in Sources */ = {isa = PBXBuildFile; fileRef = C766828F1D0362640067B5BA /* ItemAddTableViewCell.swift */; };
		C76682921D0363980067B5BA /* ItemAddTableViewController.swift in Sources */ = {isa = PBXBuildFile; fileRef = C76682911D0363980067B5BA /* ItemAddTableViewController.swift */; };
		C76682941D038A5C0067B5BA /* SetTableViewController.swift in Sources */ = {isa = PBXBuildFile; fileRef = C76682931D038A5C0067B5BA /* SetTableViewController.swift */; };
		C78079251CFB1B5F001A6857 /* ItemAddViewController.swift in Sources */ = {isa = PBXBuildFile; fileRef = C78079241CFB1B5F001A6857 /* ItemAddViewController.swift */; };
/* End PBXBuildFile section */

/* Begin PBXFileReference section */
		C746D8831CFAE5E400F6323E /* InventoryPnP.app */ = {isa = PBXFileReference; explicitFileType = wrapper.application; includeInIndex = 0; path = InventoryPnP.app; sourceTree = BUILT_PRODUCTS_DIR; };
		C746D8861CFAE5E400F6323E /* AppDelegate.swift */ = {isa = PBXFileReference; lastKnownFileType = sourcecode.swift; path = AppDelegate.swift; sourceTree = "<group>"; };
		C746D88B1CFAE5E500F6323E /* Base */ = {isa = PBXFileReference; lastKnownFileType = file.storyboard; name = Base; path = Base.lproj/Main.storyboard; sourceTree = "<group>"; };
		C746D88D1CFAE5E500F6323E /* Assets.xcassets */ = {isa = PBXFileReference; lastKnownFileType = folder.assetcatalog; path = Assets.xcassets; sourceTree = "<group>"; };
		C746D8901CFAE5E500F6323E /* Base */ = {isa = PBXFileReference; lastKnownFileType = file.storyboard; name = Base; path = Base.lproj/LaunchScreen.storyboard; sourceTree = "<group>"; };
		C746D8921CFAE5E500F6323E /* Info.plist */ = {isa = PBXFileReference; lastKnownFileType = text.plist.xml; path = Info.plist; sourceTree = "<group>"; };
		C746D8981CFAE67E00F6323E /* ItemTableViewCell.swift */ = {isa = PBXFileReference; fileEncoding = 4; lastKnownFileType = sourcecode.swift; path = ItemTableViewCell.swift; sourceTree = "<group>"; };
		C746D89A1CFAEB0500F6323E /* ItemTableViewController.swift */ = {isa = PBXFileReference; fileEncoding = 4; lastKnownFileType = sourcecode.swift; path = ItemTableViewController.swift; sourceTree = "<group>"; };
		C746D89E1CFAFC0800F6323E /* JsonConnector.swift */ = {isa = PBXFileReference; fileEncoding = 4; lastKnownFileType = sourcecode.swift; path = JsonConnector.swift; sourceTree = "<group>"; };
		C766828F1D0362640067B5BA /* ItemAddTableViewCell.swift */ = {isa = PBXFileReference; fileEncoding = 4; lastKnownFileType = sourcecode.swift; path = ItemAddTableViewCell.swift; sourceTree = "<group>"; };
		C76682911D0363980067B5BA /* ItemAddTableViewController.swift */ = {isa = PBXFileReference; fileEncoding = 4; lastKnownFileType = sourcecode.swift; path = ItemAddTableViewController.swift; sourceTree = "<group>"; };
		C76682931D038A5C0067B5BA /* SetTableViewController.swift */ = {isa = PBXFileReference; fileEncoding = 4; lastKnownFileType = sourcecode.swift; path = SetTableViewController.swift; sourceTree = "<group>"; };
		C78079241CFB1B5F001A6857 /* ItemAddViewController.swift */ = {isa = PBXFileReference; fileEncoding = 4; lastKnownFileType = sourcecode.swift; name = ItemAddViewController.swift; path = ../ItemAddViewController.swift; sourceTree = "<group>"; };
/* End PBXFileReference section */

/* Begin PBXFrameworksBuildPhase section */
		C746D8801CFAE5E400F6323E /* Frameworks */ = {
			isa = PBXFrameworksBuildPhase;
			buildActionMask = 2147483647;
			files = (
			);
			runOnlyForDeploymentPostprocessing = 0;
		};
/* End PBXFrameworksBuildPhase section */

/* Begin PBXGroup section */
		C746D87A1CFAE5E400F6323E = {
			isa = PBXGroup;
			children = (
				C746D8851CFAE5E400F6323E /* InventoryPnP */,
				C746D8841CFAE5E400F6323E /* Products */,
			);
			sourceTree = "<group>";
		};
		C746D8841CFAE5E400F6323E /* Products */ = {
			isa = PBXGroup;
			children = (
				C746D8831CFAE5E400F6323E /* InventoryPnP.app */,
			);
			name = Products;
			sourceTree = "<group>";
		};
		C746D8851CFAE5E400F6323E /* InventoryPnP */ = {
			isa = PBXGroup;
			children = (
				C746D8861CFAE5E400F6323E /* AppDelegate.swift */,
				C746D88A1CFAE5E500F6323E /* Main.storyboard */,
				C746D88D1CFAE5E500F6323E /* Assets.xcassets */,
				C746D88F1CFAE5E500F6323E /* LaunchScreen.storyboard */,
				C746D8921CFAE5E500F6323E /* Info.plist */,
				C746D8981CFAE67E00F6323E /* ItemTableViewCell.swift */,
				C766828F1D0362640067B5BA /* ItemAddTableViewCell.swift */,
				C746D89A1CFAEB0500F6323E /* ItemTableViewController.swift */,
				C76682911D0363980067B5BA /* ItemAddTableViewController.swift */,
				C78079241CFB1B5F001A6857 /* ItemAddViewController.swift */,
				C746D89E1CFAFC0800F6323E /* JsonConnector.swift */,
				C76682931D038A5C0067B5BA /* SetTableViewController.swift */,
			);
			path = InventoryPnP;
			sourceTree = "<group>";
		};
/* End PBXGroup section */

/* Begin PBXNativeTarget section */
		C746D8821CFAE5E400F6323E /* InventoryPnP */ = {
			isa = PBXNativeTarget;
			buildConfigurationList = C746D8951CFAE5E500F6323E /* Build configuration list for PBXNativeTarget "InventoryPnP" */;
			buildPhases = (
				C746D87F1CFAE5E400F6323E /* Sources */,
				C746D8801CFAE5E400F6323E /* Frameworks */,
				C746D8811CFAE5E400F6323E /* Resources */,
			);
			buildRules = (
			);
			dependencies = (
			);
			name = InventoryPnP;
			productName = InventoryPnP;
			productReference = C746D8831CFAE5E400F6323E /* InventoryPnP.app */;
			productType = "com.apple.product-type.application";
		};
/* End PBXNativeTarget section */

/* Begin PBXProject section */
		C746D87B1CFAE5E400F6323E /* Project object */ = {
			isa = PBXProject;
			attributes = {
				LastSwiftUpdateCheck = 0730;
				LastUpgradeCheck = 0730;
				ORGANIZATIONNAME = "Krueger Nicolai";
				TargetAttributes = {
					C746D8821CFAE5E400F6323E = {
						CreatedOnToolsVersion = 7.3.1;
					};
				};
			};
			buildConfigurationList = C746D87E1CFAE5E400F6323E /* Build configuration list for PBXProject "InventoryPnP" */;
			compatibilityVersion = "Xcode 3.2";
			developmentRegion = English;
			hasScannedForEncodings = 0;
			knownRegions = (
				en,
				Base,
			);
			mainGroup = C746D87A1CFAE5E400F6323E;
			productRefGroup = C746D8841CFAE5E400F6323E /* Products */;
			projectDirPath = "";
			projectRoot = "";
			targets = (
				C746D8821CFAE5E400F6323E /* InventoryPnP */,
			);
		};
/* End PBXProject section */

/* Begin PBXResourcesBuildPhase section */
		C746D8811CFAE5E400F6323E /* Resources */ = {
			isa = PBXResourcesBuildPhase;
			buildActionMask = 2147483647;
			files = (
				C746D8911CFAE5E500F6323E /* LaunchScreen.storyboard in Resources */,
				C746D88E1CFAE5E500F6323E /* Assets.xcassets in Resources */,
				C746D88C1CFAE5E500F6323E /* Main.storyboard in Resources */,
			);
			runOnlyForDeploymentPostprocessing = 0;
		};
/* End PBXResourcesBuildPhase section */

/* Begin PBXSourcesBuildPhase section */
		C746D87F1CFAE5E400F6323E /* Sources */ = {
			isa = PBXSourcesBuildPhase;
			buildActionMask = 2147483647;
			files = (
				C76682901D0362640067B5BA /* ItemAddTableViewCell.swift in Sources */,
				C746D8991CFAE67E00F6323E /* ItemTableViewCell.swift in Sources */,
				C76682941D038A5C0067B5BA /* SetTableViewController.swift in Sources */,
				C746D89B1CFAEB0500F6323E /* ItemTableViewController.swift in Sources */,
				C78079251CFB1B5F001A6857 /* ItemAddViewController.swift in Sources */,
				C76682921D0363980067B5BA /* ItemAddTableViewController.swift in Sources */,
				C746D89F1CFAFC0800F6323E /* JsonConnector.swift in Sources */,
				C746D8871CFAE5E400F6323E /* AppDelegate.swift in Sources */,
			);
			runOnlyForDeploymentPostprocessing = 0;
		};
/* End PBXSourcesBuildPhase section */

/* Begin PBXVariantGroup section */
		C746D88A1CFAE5E500F6323E /* Main.storyboard */ = {
			isa = PBXVariantGroup;
			children = (
				C746D88B1CFAE5E500F6323E /* Base */,
			);
			name = Main.storyboard;
			sourceTree = "<group>";
		};
		C746D88F1CFAE5E500F6323E /* LaunchScreen.storyboard */ = {
			isa = PBXVariantGroup;
			children = (
				C746D8901CFAE5E500F6323E /* Base */,
			);
			name = LaunchScreen.storyboard;
			sourceTree = "<group>";
		};
/* End PBXVariantGroup section */

/* Begin XCBuildConfiguration section */
		C746D8931CFAE5E500F6323E /* Debug */ = {
			isa = XCBuildConfiguration;
			buildSettings = {
				ALWAYS_SEARCH_USER_PATHS = NO;
				CLANG_ANALYZER_NONNULL = YES;
				CLANG_CXX_LANGUAGE_STANDARD = "gnu++0x";
				CLANG_CXX_LIBRARY = "libc++";
				CLANG_ENABLE_MODULES = YES;
				CLANG_ENABLE_OBJC_ARC = YES;
				CLANG_WARN_BOOL_CONVERSION = YES;
				CLANG_WARN_CONSTANT_CONVERSION = YES;
				CLANG_WARN_DIRECT_OBJC_ISA_USAGE = YES_ERROR;
				CLANG_WARN_EMPTY_BODY = YES;
				CLANG_WARN_ENUM_CONVERSION = YES;
				CLANG_WARN_INT_CONVERSION = YES;
				CLANG_WARN_OBJC_ROOT_CLASS = YES_ERROR;
				CLANG_WARN_UNREACHABLE_CODE = YES;
				CLANG_WARN__DUPLICATE_METHOD_MATCH = YES;
				"CODE_SIGN_IDENTITY[sdk=iphoneos*]" = "iPhone Developer";
				COPY_PHASE_STRIP = NO;
				DEBUG_INFORMATION_FORMAT = dwarf;
				ENABLE_STRICT_OBJC_MSGSEND = YES;
				ENABLE_TESTABILITY = YES;
				GCC_C_LANGUAGE_STANDARD = gnu99;
				GCC_DYNAMIC_NO_PIC = NO;
				GCC_NO_COMMON_BLOCKS = YES;
				GCC_OPTIMIZATION_LEVEL = 0;
				GCC_PREPROCESSOR_DEFINITIONS = (
					"DEBUG=1",
					"$(inherited)",
				);
				GCC_WARN_64_TO_32_BIT_CONVERSION = YES;
				GCC_WARN_ABOUT_RETURN_TYPE = YES_ERROR;
				GCC_WARN_UNDECLARED_SELECTOR = YES;
				GCC_WARN_UNINITIALIZED_AUTOS = YES_AGGRESSIVE;
				GCC_WARN_UNUSED_FUNCTION = YES;
				GCC_WARN_UNUSED_VARIABLE = YES;
				IPHONEOS_DEPLOYMENT_TARGET = 9.3;
				MTL_ENABLE_DEBUG_INFO = YES;
				ONLY_ACTIVE_ARCH = YES;
				SDKROOT = iphoneos;
				SWIFT_OPTIMIZATION_LEVEL = "-Onone";
				TARGETED_DEVICE_FAMILY = "1,2";
			};
			name = Debug;
		};
		C746D8941CFAE5E500F6323E /* Release */ = {
			isa = XCBuildConfiguration;
			buildSettings = {
				ALWAYS_SEARCH_USER_PATHS = NO;
				CLANG_ANALYZER_NONNULL = YES;
				CLANG_CXX_LANGUAGE_STANDARD = "gnu++0x";
				CLANG_CXX_LIBRARY = "libc++";
				CLANG_ENABLE_MODULES = YES;
				CLANG_ENABLE_OBJC_ARC = YES;
				CLANG_WARN_BOOL_CONVERSION = YES;
				CLANG_WARN_CONSTANT_CONVERSION = YES;
				CLANG_WARN_DIRECT_OBJC_ISA_USAGE = YES_ERROR;
				CLANG_WARN_EMPTY_BODY = YES;
				CLANG_WARN_ENUM_CONVERSION = YES;
				CLANG_WARN_INT_CONVERSION = YES;
				CLANG_WARN_OBJC_ROOT_CLASS = YES_ERROR;
				CLANG_WARN_UNREACHABLE_CODE = YES;
				CLANG_WARN__DUPLICATE_METHOD_MATCH = YES;
				"CODE_SIGN_IDENTITY[sdk=iphoneos*]" = "iPhone Developer";
				COPY_PHASE_STRIP = NO;
				DEBUG_INFORMATION_FORMAT = "dwarf-with-dsym";
				ENABLE_NS_ASSERTIONS = NO;
				ENABLE_STRICT_OBJC_MSGSEND = YES;
				GCC_C_LANGUAGE_STANDARD = gnu99;
				GCC_NO_COMMON_BLOCKS = YES;
				GCC_WARN_64_TO_32_BIT_CONVERSION = YES;
				GCC_WARN_ABOUT_RETURN_TYPE = YES_ERROR;
				GCC_WARN_UNDECLARED_SELECTOR = YES;
				GCC_WARN_UNINITIALIZED_AUTOS = YES_AGGRESSIVE;
				GCC_WARN_UNUSED_FUNCTION = YES;
				GCC_WARN_UNUSED_VARIABLE = YES;
				IPHONEOS_DEPLOYMENT_TARGET = 9.3;
				MTL_ENABLE_DEBUG_INFO = NO;
				SDKROOT = iphoneos;
				TARGETED_DEVICE_FAMILY = "1,2";
				VALIDATE_PRODUCT = YES;
			};
			name = Release;
		};
		C746D8961CFAE5E500F6323E /* Debug */ = {
			isa = XCBuildConfiguration;
			buildSettings = {
				ASSETCATALOG_COMPILER_APPICON_NAME = AppIcon;
				INFOPLIST_FILE = InventoryPnP/Info.plist;
				LD_RUNPATH_SEARCH_PATHS = "$(inherited) @executable_path/Frameworks";
				PRODUCT_BUNDLE_IDENTIFIER = "com.tico-kk.eu.InventoryPnP";
				PRODUCT_NAME = "$(TARGET_NAME)";
			};
			name = Debug;
		};
		C746D8971CFAE5E500F6323E /* Release */ = {
			isa = XCBuildConfiguration;
			buildSettings = {
				ASSETCATALOG_COMPILER_APPICON_NAME = AppIcon;
				INFOPLIST_FILE = InventoryPnP/Info.plist;
				LD_RUNPATH_SEARCH_PATHS = "$(inherited) @executable_path/Frameworks";
				PRODUCT_BUNDLE_IDENTIFIER = "com.tico-kk.eu.InventoryPnP";
				PRODUCT_NAME = "$(TARGET_NAME)";
			};
			name = Release;
		};
/* End XCBuildConfiguration section */

/* Begin XCConfigurationList section */
		C746D87E1CFAE5E400F6323E /* Build configuration list for PBXProject "InventoryPnP" */ = {
			isa = XCConfigurationList;
			buildConfigurations = (
				C746D8931CFAE5E500F6323E /* Debug */,
				C746D8941CFAE5E500F6323E /* Release */,
			);
			defaultConfigurationIsVisible = 0;
			defaultConfigurationName = Release;
		};
		C746D8951CFAE5E500F6323E /* Build configuration list for PBXNativeTarget "InventoryPnP" */ = {
			isa = XCConfigurationList;
			buildConfigurations = (
				C746D8961CFAE5E500F6323E /* Debug */,
				C746D8971CFAE5E500F6323E /* Release */,
			);
			defaultConfigurationIsVisible = 0;
			defaultConfigurationName = Release;
		};
/* End XCConfigurationList section */
	};
	rootObject = C746D87B1CFAE5E400F6323E /* Project object */;
}
